{
  "name": "react-native-get-random-values",
  "version": "1.0.1",
  "lockfileVersion": 1,
  "requires": true,
  "dependencies": {
    "fast-base64-decode": {
      "version": "github:LinusU/fast-base64-decode#311cff2f11cf4307b0a432d30e74f1b76ee791b6",
      "from": "github:LinusU/fast-base64-decode#v1.0.0"
    }
  }
}
